
Microsoft Visual Studio Solution File, Format Version 12.00
# Visual Studio Version 16
VisualStudioVersion = 16.0.29306.81
MinimumVisualStudioVersion = 10.0.40219.1
Project("{9A19103F-16F7-4668-BE54-9A1E7A4F7556}") = "ServiceLibraryA", "ServiceLibraryA\ServiceLibraryA.csproj", "{96BCC82F-A284-4914-AE5F-FA69019EF374}"
EndProject
Project("{FAE04EC0-301F-11D3-BF4B-00C04F79EFBC}") = "ServiceLibraryB", "ServiceLibraryB\ServiceLibraryB.csproj", "{94979348-868C-4638-8C20-9573243FBEC8}"
EndProject
Global
	GlobalSection(SolutionConfigurationPlatforms) = preSolution
		Debug|Any CPU = Debug|Any CPU
		Release|Any CPU = Release|Any CPU
	EndGlobalSection
	GlobalSection(ProjectConfigurationPlatforms) = postSolution
		{96BCC82F-A284-4914-AE5F-FA69019EF374}.Debug|Any CPU.ActiveCfg = Debug|Any CPU
		{96BCC82F-A284-4914-AE5F-FA69019EF374}.Debug|Any CPU.Build.0 = Debug|Any CPU
		{96BCC82F-A284-4914-AE5F-FA69019EF374}.Release|Any CPU.ActiveCfg = Release|Any CPU
		{96BCC82F-A284-4914-AE5F-FA69019EF374}.Release|Any CPU.Build.0 = Release|Any CPU
		{94979348-868C-4638-8C20-9573243FBEC8}.Debug|Any CPU.ActiveCfg = Debug|Any CPU
		{94979348-868C-4638-8C20-9573243FBEC8}.Debug|Any CPU.Build.0 = Debug|Any CPU
		{94979348-868C-4638-8C20-9573243FBEC8}.Release|Any CPU.ActiveCfg = Release|Any CPU
		{94979348-868C-4638-8C20-9573243FBEC8}.Release|Any CPU.Build.0 = Release|Any CPU
	EndGlobalSection
	GlobalSection(SolutionProperties) = preSolution
		HideSolutionNode = FALSE
	EndGlobalSection
	GlobalSection(ExtensibilityGlobals) = postSolution
		SolutionGuid = {9EE0745E-23AD-4BAA-8F4D-938AA8523351}
	EndGlobalSection
EndGlobal
